
Microsoft Visual Studio Solution File, Format Version 12.00
# Visual Studio 2012
Project("{FAE04EC0-301F-11D3-BF4B-00C04F79EFBC}") = "Project.004", "Project.004\Project.004.csproj", "{14FAB05E-7B41-4313-A91B-7B35E5EC3308}"
EndProject
Project("{FAE04EC0-301F-11D3-BF4B-00C04F79EFBC}") = "Library", "Library\Library.csproj", "{6D24EDAB-5B53-4A22-94AD-9EC220F3C9CF}"
EndProject
Project("{FAE04EC0-301F-11D3-BF4B-00C04F79EFBC}") = "Project.004.Models", "Project.004.Models\Project.004.Models.csproj", "{75C4A157-D859-4E99-B594-4A0DF8CCA6CF}"
EndProject
Global
	GlobalSection(SolutionConfigurationPlatforms) = preSolution
		Debug|Any CPU = Debug|Any CPU
		Release|Any CPU = Release|Any CPU
	EndGlobalSection
	GlobalSection(ProjectConfigurationPlatforms) = postSolution
		{14FAB05E-7B41-4313-A91B-7B35E5EC3308}.Debug|Any CPU.ActiveCfg = Debug|Any CPU
		{14FAB05E-7B41-4313-A91B-7B35E5EC3308}.Debug|Any CPU.Build.0 = Debug|Any CPU
		{14FAB05E-7B41-4313-A91B-7B35E5EC3308}.Release|Any CPU.ActiveCfg = Release|Any CPU
		{14FAB05E-7B41-4313-A91B-7B35E5EC3308}.Release|Any CPU.Build.0 = Release|Any CPU
		{6D24EDAB-5B53-4A22-94AD-9EC220F3C9CF}.Debug|Any CPU.ActiveCfg = Debug|Any CPU
		{6D24EDAB-5B53-4A22-94AD-9EC220F3C9CF}.Debug|Any CPU.Build.0 = Debug|Any CPU
		{6D24EDAB-5B53-4A22-94AD-9EC220F3C9CF}.Release|Any CPU.ActiveCfg = Release|Any CPU
		{6D24EDAB-5B53-4A22-94AD-9EC220F3C9CF}.Release|Any CPU.Build.0 = Release|Any CPU
		{75C4A157-D859-4E99-B594-4A0DF8CCA6CF}.Debug|Any CPU.ActiveCfg = Debug|Any CPU
		{75C4A157-D859-4E99-B594-4A0DF8CCA6CF}.Debug|Any CPU.Build.0 = Debug|Any CPU
		{75C4A157-D859-4E99-B594-4A0DF8CCA6CF}.Release|Any CPU.ActiveCfg = Release|Any CPU
		{75C4A157-D859-4E99-B594-4A0DF8CCA6CF}.Release|Any CPU.Build.0 = Release|Any CPU
	EndGlobalSection
	GlobalSection(SolutionProperties) = preSolution
		HideSolutionNode = FALSE
	EndGlobalSection
EndGlobal
